
Microsoft Visual Studio Solution File, Format Version 12.00
# Visual Studio 15
VisualStudioVersion = 15.0.27130.2036
MinimumVisualStudioVersion = 10.0.40219.1
Project("{2150E333-8FDC-42A3-9474-1A3956D46DE8}") = "Solution Items", "Solution Items", "{B6F818C1-88BC-4FC6-BC97-A59179B5776B}"
	ProjectSection(SolutionItems) = preProject
		appveyor.yml = appveyor.yml
		README.md = README.md
	EndProjectSection
EndProject
Project("{2150E333-8FDC-42A3-9474-1A3956D46DE8}") = "docs", "docs", "{A7875258-2F39-4033-A3BF-13737BB2EFD0}"
	ProjectSection(SolutionItems) = preProject
		docs\ApiDocumentation.md = docs\ApiDocumentation.md
		docs\README.md = docs\README.md
	EndProjectSection
EndProject
Project("{2150E333-8FDC-42A3-9474-1A3956D46DE8}") = "nuget", "nuget", "{98751F65-6036-498B-BBC1-9857D077D335}"
	ProjectSection(SolutionItems) = preProject
		nuget\NuspecPack.ps1 = nuget\NuspecPack.ps1
		nuget\ZESoft.Azure.Mobile.DataStores.Sync.nuspec = nuget\ZESoft.Azure.Mobile.DataStores.Sync.nuspec
	EndProjectSection
EndProject
Project("{2150E333-8FDC-42A3-9474-1A3956D46DE8}") = "samples", "samples", "{8C3D4448-2B8D-4EF2-BC81-68DAD25DFCC8}"
EndProject
Project("{2150E333-8FDC-42A3-9474-1A3956D46DE8}") = "src", "src", "{52C63B67-F069-42E1-AF9C-E708D48463DE}"
EndProject
Project("{2150E333-8FDC-42A3-9474-1A3956D46DE8}") = "tests", "tests", "{7DF230F7-63F1-44BA-BC7C-10DD70DFD460}"
EndProject
Project("{9A19103F-16F7-4668-BE54-9A1E7A4F7556}") = "ZESoft.Azure.Mobile.DataStores.Sync", "src\ZESoft.Azure.Mobile.DataStores.Sync\ZESoft.Azure.Mobile.DataStores.Sync.csproj", "{BA3B50E5-F825-4BEB-8A03-DF2925E655EB}"
EndProject
Project("{FAE04EC0-301F-11D3-BF4B-00C04F79EFBC}") = "AzureMobileSyncDataStoresSample.Android", "samples\AzureMobileSyncDataStoresSample\AzureMobileSyncDataStoresSample.Android\AzureMobileSyncDataStoresSample.Android.csproj", "{B59E6724-2619-4E0E-A78E-774BDC8536B8}"
EndProject
Project("{FAE04EC0-301F-11D3-BF4B-00C04F79EFBC}") = "AzureMobileSyncDataStoresSample.iOS", "samples\AzureMobileSyncDataStoresSample\AzureMobileSyncDataStoresSample.iOS\AzureMobileSyncDataStoresSample.iOS.csproj", "{C16119A9-95D1-43E4-9F36-D85A41C841E2}"
EndProject
Project("{FAE04EC0-301F-11D3-BF4B-00C04F79EFBC}") = "AzureMobileSyncDataStoresSample", "samples\AzureMobileSyncDataStoresSample\AzureMobileSyncDataStoresSample\AzureMobileSyncDataStoresSample.csproj", "{E3210116-674E-4825-821C-DDFF366BBBD0}"
EndProject
Global
	GlobalSection(SolutionConfigurationPlatforms) = preSolution
		Ad-Hoc|Any CPU = Ad-Hoc|Any CPU
		Ad-Hoc|iPhone = Ad-Hoc|iPhone
		Ad-Hoc|iPhoneSimulator = Ad-Hoc|iPhoneSimulator
		AppStore|Any CPU = AppStore|Any CPU
		AppStore|iPhone = AppStore|iPhone
		AppStore|iPhoneSimulator = AppStore|iPhoneSimulator
		Debug|Any CPU = Debug|Any CPU
		Debug|iPhone = Debug|iPhone
		Debug|iPhoneSimulator = Debug|iPhoneSimulator
		Release|Any CPU = Release|Any CPU
		Release|iPhone = Release|iPhone
		Release|iPhoneSimulator = Release|iPhoneSimulator
	EndGlobalSection
	GlobalSection(ProjectConfigurationPlatforms) = postSolution
		{BA3B50E5-F825-4BEB-8A03-DF2925E655EB}.Ad-Hoc|Any CPU.ActiveCfg = Release|Any CPU
		{BA3B50E5-F825-4BEB-8A03-DF2925E655EB}.Ad-Hoc|Any CPU.Build.0 = Release|Any CPU
		{BA3B50E5-F825-4BEB-8A03-DF2925E655EB}.Ad-Hoc|iPhone.ActiveCfg = Release|Any CPU
		{BA3B50E5-F825-4BEB-8A03-DF2925E655EB}.Ad-Hoc|iPhone.Build.0 = Release|Any CPU
		{BA3B50E5-F825-4BEB-8A03-DF2925E655EB}.Ad-Hoc|iPhoneSimulator.ActiveCfg = Release|Any CPU
		{BA3B50E5-F825-4BEB-8A03-DF2925E655EB}.Ad-Hoc|iPhoneSimulator.Build.0 = Release|Any CPU
		{BA3B50E5-F825-4BEB-8A03-DF2925E655EB}.AppStore|Any CPU.ActiveCfg = Release|Any CPU
		{BA3B50E5-F825-4BEB-8A03-DF2925E655EB}.AppStore|Any CPU.Build.0 = Release|Any CPU
		{BA3B50E5-F825-4BEB-8A03-DF2925E655EB}.AppStore|iPhone.ActiveCfg = Release|Any CPU
		{BA3B50E5-F825-4BEB-8A03-DF2925E655EB}.AppStore|iPhone.Build.0 = Release|Any CPU
		{BA3B50E5-F825-4BEB-8A03-DF2925E655EB}.AppStore|iPhoneSimulator.ActiveCfg = Release|Any CPU
		{BA3B50E5-F825-4BEB-8A03-DF2925E655EB}.AppStore|iPhoneSimulator.Build.0 = Release|Any CPU
		{BA3B50E5-F825-4BEB-8A03-DF2925E655EB}.Debug|Any CPU.ActiveCfg = Debug|Any CPU
		{BA3B50E5-F825-4BEB-8A03-DF2925E655EB}.Debug|Any CPU.Build.0 = Debug|Any CPU
		{BA3B50E5-F825-4BEB-8A03-DF2925E655EB}.Debug|iPhone.ActiveCfg = Debug|Any CPU
		{BA3B50E5-F825-4BEB-8A03-DF2925E655EB}.Debug|iPhone.Build.0 = Debug|Any CPU
		{BA3B50E5-F825-4BEB-8A03-DF2925E655EB}.Debug|iPhoneSimulator.ActiveCfg = Debug|Any CPU
		{BA3B50E5-F825-4BEB-8A03-DF2925E655EB}.Debug|iPhoneSimulator.Build.0 = Debug|Any CPU
		{BA3B50E5-F825-4BEB-8A03-DF2925E655EB}.Release|Any CPU.ActiveCfg = Release|Any CPU
		{BA3B50E5-F825-4BEB-8A03-DF2925E655EB}.Release|Any CPU.Build.0 = Release|Any CPU
		{BA3B50E5-F825-4BEB-8A03-DF2925E655EB}.Release|iPhone.ActiveCfg = Release|Any CPU
		{BA3B50E5-F825-4BEB-8A03-DF2925E655EB}.Release|iPhone.Build.0 = Release|Any CPU
		{BA3B50E5-F825-4BEB-8A03-DF2925E655EB}.Release|iPhoneSimulator.ActiveCfg = Release|Any CPU
		{BA3B50E5-F825-4BEB-8A03-DF2925E655EB}.Release|iPhoneSimulator.Build.0 = Release|Any CPU
		{B59E6724-2619-4E0E-A78E-774BDC8536B8}.Ad-Hoc|Any CPU.ActiveCfg = Release|Any CPU
		{B59E6724-2619-4E0E-A78E-774BDC8536B8}.Ad-Hoc|Any CPU.Build.0 = Release|Any CPU
		{B59E6724-2619-4E0E-A78E-774BDC8536B8}.Ad-Hoc|Any CPU.Deploy.0 = Release|Any CPU
		{B59E6724-2619-4E0E-A78E-774BDC8536B8}.Ad-Hoc|iPhone.ActiveCfg = Release|Any CPU
		{B59E6724-2619-4E0E-A78E-774BDC8536B8}.Ad-Hoc|iPhone.Build.0 = Release|Any CPU
		{B59E6724-2619-4E0E-A78E-774BDC8536B8}.Ad-Hoc|iPhone.Deploy.0 = Release|Any CPU
		{B59E6724-2619-4E0E-A78E-774BDC8536B8}.Ad-Hoc|iPhoneSimulator.ActiveCfg = Release|Any CPU
		{B59E6724-2619-4E0E-A78E-774BDC8536B8}.Ad-Hoc|iPhoneSimulator.Build.0 = Release|Any CPU
		{B59E6724-2619-4E0E-A78E-774BDC8536B8}.Ad-Hoc|iPhoneSimulator.Deploy.0 = Release|Any CPU
		{B59E6724-2619-4E0E-A78E-774BDC8536B8}.AppStore|Any CPU.ActiveCfg = Release|Any CPU
		{B59E6724-2619-4E0E-A78E-774BDC8536B8}.AppStore|Any CPU.Build.0 = Release|Any CPU
		{B59E6724-2619-4E0E-A78E-774BDC8536B8}.AppStore|Any CPU.Deploy.0 = Release|Any CPU
		{B59E6724-2619-4E0E-A78E-774BDC8536B8}.AppStore|iPhone.ActiveCfg = Release|Any CPU
		{B59E6724-2619-4E0E-A78E-774BDC8536B8}.AppStore|iPhone.Build.0 = Release|Any CPU
		{B59E6724-2619-4E0E-A78E-774BDC8536B8}.AppStore|iPhone.Deploy.0 = Release|Any CPU
		{B59E6724-2619-4E0E-A78E-774BDC8536B8}.AppStore|iPhoneSimulator.ActiveCfg = Release|Any CPU
		{B59E6724-2619-4E0E-A78E-774BDC8536B8}.AppStore|iPhoneSimulator.Build.0 = Release|Any CPU
		{B59E6724-2619-4E0E-A78E-774BDC8536B8}.AppStore|iPhoneSimulator.Deploy.0 = Release|Any CPU
		{B59E6724-2619-4E0E-A78E-774BDC8536B8}.Debug|Any CPU.ActiveCfg = Debug|Any CPU
		{B59E6724-2619-4E0E-A78E-774BDC8536B8}.Debug|Any CPU.Build.0 = Debug|Any CPU
		{B59E6724-2619-4E0E-A78E-774BDC8536B8}.Debug|Any CPU.Deploy.0 = Debug|Any CPU
		{B59E6724-2619-4E0E-A78E-774BDC8536B8}.Debug|iPhone.ActiveCfg = Debug|Any CPU
		{B59E6724-2619-4E0E-A78E-774BDC8536B8}.Debug|iPhone.Build.0 = Debug|Any CPU
		{B59E6724-2619-4E0E-A78E-774BDC8536B8}.Debug|iPhone.Deploy.0 = Debug|Any CPU
		{B59E6724-2619-4E0E-A78E-774BDC8536B8}.Debug|iPhoneSimulator.ActiveCfg = Debug|Any CPU
		{B59E6724-2619-4E0E-A78E-774BDC8536B8}.Debug|iPhoneSimulator.Build.0 = Debug|Any CPU
		{B59E6724-2619-4E0E-A78E-774BDC8536B8}.Debug|iPhoneSimulator.Deploy.0 = Debug|Any CPU
		{B59E6724-2619-4E0E-A78E-774BDC8536B8}.Release|Any CPU.ActiveCfg = Release|Any CPU
		{B59E6724-2619-4E0E-A78E-774BDC8536B8}.Release|Any CPU.Build.0 = Release|Any CPU
		{B59E6724-2619-4E0E-A78E-774BDC8536B8}.Release|Any CPU.Deploy.0 = Release|Any CPU
		{B59E6724-2619-4E0E-A78E-774BDC8536B8}.Release|iPhone.ActiveCfg = Release|Any CPU
		{B59E6724-2619-4E0E-A78E-774BDC8536B8}.Release|iPhone.Build.0 = Release|Any CPU
		{B59E6724-2619-4E0E-A78E-774BDC8536B8}.Release|iPhone.Deploy.0 = Release|Any CPU
		{B59E6724-2619-4E0E-A78E-774BDC8536B8}.Release|iPhoneSimulator.ActiveCfg = Release|Any CPU
		{B59E6724-2619-4E0E-A78E-774BDC8536B8}.Release|iPhoneSimulator.Build.0 = Release|Any CPU
		{B59E6724-2619-4E0E-A78E-774BDC8536B8}.Release|iPhoneSimulator.Deploy.0 = Release|Any CPU
		{C16119A9-95D1-43E4-9F36-D85A41C841E2}.Ad-Hoc|Any CPU.ActiveCfg = Ad-Hoc|iPhone
		{C16119A9-95D1-43E4-9F36-D85A41C841E2}.Ad-Hoc|iPhone.ActiveCfg = Ad-Hoc|iPhone
		{C16119A9-95D1-43E4-9F36-D85A41C841E2}.Ad-Hoc|iPhone.Build.0 = Ad-Hoc|iPhone
		{C16119A9-95D1-43E4-9F36-D85A41C841E2}.Ad-Hoc|iPhoneSimulator.ActiveCfg = Ad-Hoc|iPhoneSimulator
		{C16119A9-95D1-43E4-9F36-D85A41C841E2}.Ad-Hoc|iPhoneSimulator.Build.0 = Ad-Hoc|iPhoneSimulator
		{C16119A9-95D1-43E4-9F36-D85A41C841E2}.AppStore|Any CPU.ActiveCfg = AppStore|iPhone
		{C16119A9-95D1-43E4-9F36-D85A41C841E2}.AppStore|iPhone.ActiveCfg = AppStore|iPhone
		{C16119A9-95D1-43E4-9F36-D85A41C841E2}.AppStore|iPhone.Build.0 = AppStore|iPhone
		{C16119A9-95D1-43E4-9F36-D85A41C841E2}.AppStore|iPhoneSimulator.ActiveCfg = AppStore|iPhoneSimulator
		{C16119A9-95D1-43E4-9F36-D85A41C841E2}.AppStore|iPhoneSimulator.Build.0 = AppStore|iPhoneSimulator
		{C16119A9-95D1-43E4-9F36-D85A41C841E2}.Debug|Any CPU.ActiveCfg = Debug|iPhone
		{C16119A9-95D1-43E4-9F36-D85A41C841E2}.Debug|iPhone.ActiveCfg = Debug|iPhone
		{C16119A9-95D1-43E4-9F36-D85A41C841E2}.Debug|iPhone.Build.0 = Debug|iPhone
		{C16119A9-95D1-43E4-9F36-D85A41C841E2}.Debug|iPhoneSimulator.ActiveCfg = Debug|iPhoneSimulator
		{C16119A9-95D1-43E4-9F36-D85A41C841E2}.Debug|iPhoneSimulator.Build.0 = Debug|iPhoneSimulator
		{C16119A9-95D1-43E4-9F36-D85A41C841E2}.Release|Any CPU.ActiveCfg = Release|iPhone
		{C16119A9-95D1-43E4-9F36-D85A41C841E2}.Release|iPhone.ActiveCfg = Release|iPhone
		{C16119A9-95D1-43E4-9F36-D85A41C841E2}.Release|iPhone.Build.0 = Release|iPhone
		{C16119A9-95D1-43E4-9F36-D85A41C841E2}.Release|iPhoneSimulator.ActiveCfg = Release|iPhoneSimulator
		{C16119A9-95D1-43E4-9F36-D85A41C841E2}.Release|iPhoneSimulator.Build.0 = Release|iPhoneSimulator
		{E3210116-674E-4825-821C-DDFF366BBBD0}.Ad-Hoc|Any CPU.ActiveCfg = Debug|Any CPU
		{E3210116-674E-4825-821C-DDFF366BBBD0}.Ad-Hoc|Any CPU.Build.0 = Debug|Any CPU
		{E3210116-674E-4825-821C-DDFF366BBBD0}.Ad-Hoc|iPhone.ActiveCfg = Debug|Any CPU
		{E3210116-674E-4825-821C-DDFF366BBBD0}.Ad-Hoc|iPhone.Build.0 = Debug|Any CPU
		{E3210116-674E-4825-821C-DDFF366BBBD0}.Ad-Hoc|iPhoneSimulator.ActiveCfg = Debug|Any CPU
		{E3210116-674E-4825-821C-DDFF366BBBD0}.Ad-Hoc|iPhoneSimulator.Build.0 = Debug|Any CPU
		{E3210116-674E-4825-821C-DDFF366BBBD0}.AppStore|Any CPU.ActiveCfg = Debug|Any CPU
		{E3210116-674E-4825-821C-DDFF366BBBD0}.AppStore|Any CPU.Build.0 = Debug|Any CPU
		{E3210116-674E-4825-821C-DDFF366BBBD0}.AppStore|iPhone.ActiveCfg = Debug|Any CPU
		{E3210116-674E-4825-821C-DDFF366BBBD0}.AppStore|iPhone.Build.0 = Debug|Any CPU
		{E3210116-674E-4825-821C-DDFF366BBBD0}.AppStore|iPhoneSimulator.ActiveCfg = Debug|Any CPU
		{E3210116-674E-4825-821C-DDFF366BBBD0}.AppStore|iPhoneSimulator.Build.0 = Debug|Any CPU
		{E3210116-674E-4825-821C-DDFF366BBBD0}.Debug|Any CPU.ActiveCfg = Debug|Any CPU
		{E3210116-674E-4825-821C-DDFF366BBBD0}.Debug|Any CPU.Build.0 = Debug|Any CPU
		{E3210116-674E-4825-821C-DDFF366BBBD0}.Debug|iPhone.ActiveCfg = Debug|Any CPU
		{E3210116-674E-4825-821C-DDFF366BBBD0}.Debug|iPhone.Build.0 = Debug|Any CPU
		{E3210116-674E-4825-821C-DDFF366BBBD0}.Debug|iPhoneSimulator.ActiveCfg = Debug|Any CPU
		{E3210116-674E-4825-821C-DDFF366BBBD0}.Debug|iPhoneSimulator.Build.0 = Debug|Any CPU
		{E3210116-674E-4825-821C-DDFF366BBBD0}.Release|Any CPU.ActiveCfg = Release|Any CPU
		{E3210116-674E-4825-821C-DDFF366BBBD0}.Release|Any CPU.Build.0 = Release|Any CPU
		{E3210116-674E-4825-821C-DDFF366BBBD0}.Release|iPhone.ActiveCfg = Release|Any CPU
		{E3210116-674E-4825-821C-DDFF366BBBD0}.Release|iPhone.Build.0 = Release|Any CPU
		{E3210116-674E-4825-821C-DDFF366BBBD0}.Release|iPhoneSimulator.ActiveCfg = Release|Any CPU
		{E3210116-674E-4825-821C-DDFF366BBBD0}.Release|iPhoneSimulator.Build.0 = Release|Any CPU
	EndGlobalSection
	GlobalSection(SolutionProperties) = preSolution
		HideSolutionNode = FALSE
	EndGlobalSection
	GlobalSection(NestedProjects) = preSolution
		{BA3B50E5-F825-4BEB-8A03-DF2925E655EB} = {52C63B67-F069-42E1-AF9C-E708D48463DE}
		{B59E6724-2619-4E0E-A78E-774BDC8536B8} = {8C3D4448-2B8D-4EF2-BC81-68DAD25DFCC8}
		{C16119A9-95D1-43E4-9F36-D85A41C841E2} = {8C3D4448-2B8D-4EF2-BC81-68DAD25DFCC8}
		{E3210116-674E-4825-821C-DDFF366BBBD0} = {8C3D4448-2B8D-4EF2-BC81-68DAD25DFCC8}
	EndGlobalSection
	GlobalSection(ExtensibilityGlobals) = postSolution
		SolutionGuid = {C322071D-CF3D-4AEF-84C2-AE6481DC07DC}
	EndGlobalSection
EndGlobal
